
Microsoft Visual Studio Solution File, Format Version 12.00
# Visual Studio Version 16
VisualStudioVersion = 16.0.31501.217
MinimumVisualStudioVersion = 10.0.40219.1
Project("{FAE04EC0-301F-11D3-BF4B-00C04F79EFBC}") = "WebApplication1_MVC_Country_State_City_Register3", "WebApplication1_MVC_Country_State_City_Register3\WebApplication1_MVC_Country_State_City_Register3.csproj", "{682B9A71-064B-41F9-9309-7213FD362B68}"
EndProject
Global
	GlobalSection(SolutionConfigurationPlatforms) = preSolution
		Debug|Any CPU = Debug|Any CPU
		Release|Any CPU = Release|Any CPU
	EndGlobalSection
	GlobalSection(ProjectConfigurationPlatforms) = postSolution
		{682B9A71-064B-41F9-9309-7213FD362B68}.Debug|Any CPU.ActiveCfg = Debug|Any CPU
		{682B9A71-064B-41F9-9309-7213FD362B68}.Debug|Any CPU.Build.0 = Debug|Any CPU
		{682B9A71-064B-41F9-9309-7213FD362B68}.Release|Any CPU.ActiveCfg = Release|Any CPU
		{682B9A71-064B-41F9-9309-7213FD362B68}.Release|Any CPU.Build.0 = Release|Any CPU
	EndGlobalSection
	GlobalSection(SolutionProperties) = preSolution
		HideSolutionNode = FALSE
	EndGlobalSection
	GlobalSection(ExtensibilityGlobals) = postSolution
		SolutionGuid = {B1B8B4BB-76B4-460A-8544-F4505C05E783}
	EndGlobalSection
EndGlobal
