
Microsoft Visual Studio Solution File, Format Version 12.00
# Visual Studio Version 16
VisualStudioVersion = 16.0.31501.217
MinimumVisualStudioVersion = 10.0.40219.1
Project("{FAE04EC0-301F-11D3-BF4B-00C04F79EFBC}") = "WebApplication1_Mvc_Upsert_Save", "WebApplication1_Mvc_Upsert_Save\WebApplication1_Mvc_Upsert_Save.csproj", "{000E544B-43A5-4E54-A408-D6B5E6859E69}"
EndProject
Global
	GlobalSection(SolutionConfigurationPlatforms) = preSolution
		Debug|Any CPU = Debug|Any CPU
		Release|Any CPU = Release|Any CPU
	EndGlobalSection
	GlobalSection(ProjectConfigurationPlatforms) = postSolution
		{000E544B-43A5-4E54-A408-D6B5E6859E69}.Debug|Any CPU.ActiveCfg = Debug|Any CPU
		{000E544B-43A5-4E54-A408-D6B5E6859E69}.Debug|Any CPU.Build.0 = Debug|Any CPU
		{000E544B-43A5-4E54-A408-D6B5E6859E69}.Release|Any CPU.ActiveCfg = Release|Any CPU
		{000E544B-43A5-4E54-A408-D6B5E6859E69}.Release|Any CPU.Build.0 = Release|Any CPU
	EndGlobalSection
	GlobalSection(SolutionProperties) = preSolution
		HideSolutionNode = FALSE
	EndGlobalSection
	GlobalSection(ExtensibilityGlobals) = postSolution
		SolutionGuid = {44AC6231-0017-42B1-867A-B5960B263123}
	EndGlobalSection
EndGlobal
